
Microsoft Visual Studio Solution File, Format Version 12.00
# Visual Studio Version 17
VisualStudioVersion = 17.12.35527.113 d17.12
MinimumVisualStudioVersion = 10.0.40219.1
Project("{FAE04EC0-301F-11D3-BF4B-00C04F79EFBC}") = "AiGod", "AiGod\AiGod.csproj", "{FE89DEB5-5AFD-400F-8BC7-E3F5AC788BBE}"
EndProject
Project("{FAE04EC0-301F-11D3-BF4B-00C04F79EFBC}") = "CakeBuild", "ZZCakeBuild\CakeBuild.csproj", "{854768E0-C2D6-4BBC-9169-787EA7C77964}"
EndProject
Global
	GlobalSection(SolutionConfigurationPlatforms) = preSolution
		Debug|Any CPU = Debug|Any CPU
		Release|Any CPU = Release|Any CPU
	EndGlobalSection
	GlobalSection(ProjectConfigurationPlatforms) = postSolution
		{FE89DEB5-5AFD-400F-8BC7-E3F5AC788BBE}.Debug|Any CPU.ActiveCfg = Debug|Any CPU
		{FE89DEB5-5AFD-400F-8BC7-E3F5AC788BBE}.Debug|Any CPU.Build.0 = Debug|Any CPU
		{FE89DEB5-5AFD-400F-8BC7-E3F5AC788BBE}.Release|Any CPU.ActiveCfg = Release|Any CPU
		{FE89DEB5-5AFD-400F-8BC7-E3F5AC788BBE}.Release|Any CPU.Build.0 = Release|Any CPU
		{854768E0-C2D6-4BBC-9169-787EA7C77964}.Debug|Any CPU.ActiveCfg = Debug|Any CPU
		{854768E0-C2D6-4BBC-9169-787EA7C77964}.Debug|Any CPU.Build.0 = Debug|Any CPU
		{854768E0-C2D6-4BBC-9169-787EA7C77964}.Release|Any CPU.ActiveCfg = Release|Any CPU
		{854768E0-C2D6-4BBC-9169-787EA7C77964}.Release|Any CPU.Build.0 = Release|Any CPU
	EndGlobalSection
	GlobalSection(SolutionProperties) = preSolution
		HideSolutionNode = FALSE
	EndGlobalSection
EndGlobal
